{
  "name": "node-docker-dns",
  "version": "0.0.1",
  "dependencies": {
    "babel-runtime": {
      "version": "6.5.0",
      "from": "babel-runtime@6.5.0",
      "resolved": "https://registry.npmjs.org/babel-runtime/-/babel-runtime-6.5.0.tgz",
      "dependencies": {
        "core-js": {
          "version": "1.2.6",
          "from": "core-js@>=1.2.0 <2.0.0",
          "resolved": "https://registry.npmjs.org/core-js/-/core-js-1.2.6.tgz"
        }
      }
    },
    "co": {
      "version": "4.6.0",
      "from": "co@4.6.0",
      "resolved": "https://registry.npmjs.org/co/-/co-4.6.0.tgz"
    },
    "dockerode": {
      "version": "2.2.9",
      "from": "dockerode@2.2.9",
      "resolved": "https://registry.npmjs.org/dockerode/-/dockerode-2.2.9.tgz",
      "dependencies": {
        "docker-modem": {
          "version": "0.3.0",
          "from": "docker-modem@>=0.3.0 <0.4.0",
          "resolved": "https://registry.npmjs.org/docker-modem/-/docker-modem-0.3.0.tgz",
          "dependencies": {
            "JSONStream": {
              "version": "0.10.0",
              "from": "JSONStream@0.10.0",
              "resolved": "https://registry.npmjs.org/JSONStream/-/JSONStream-0.10.0.tgz",
              "dependencies": {
                "jsonparse": {
                  "version": "0.0.5",
                  "from": "jsonparse@0.0.5",
                  "resolved": "https://registry.npmjs.org/jsonparse/-/jsonparse-0.0.5.tgz"
                },
                "through": {
                  "version": "2.3.8",
                  "from": "through@>=2.2.7 <3.0.0",
                  "resolved": "https://registry.npmjs.org/through/-/through-2.3.8.tgz"
                }
              }
            },
            "debug": {
              "version": "0.7.4",
              "from": "debug@>=0.7.4 <0.8.0",
              "resolved": "https://registry.npmjs.org/debug/-/debug-0.7.4.tgz"
            },
            "follow-redirects": {
              "version": "0.0.3",
              "from": "follow-redirects@0.0.3",
              "resolved": "https://registry.npmjs.org/follow-redirects/-/follow-redirects-0.0.3.tgz",
              "dependencies": {
                "underscore": {
                  "version": "1.8.3",
                  "from": "underscore@latest",
                  "resolved": "https://registry.npmjs.org/underscore/-/underscore-1.8.3.tgz"
                }
              }
            },
            "readable-stream": {
              "version": "1.0.33",
              "from": "readable-stream@>=1.0.26-4 <1.1.0",
              "resolved": "https://registry.npmjs.org/readable-stream/-/readable-stream-1.0.33.tgz",
              "dependencies": {
                "core-util-is": {
                  "version": "1.0.2",
                  "from": "core-util-is@>=1.0.0 <1.1.0",
                  "resolved": "https://registry.npmjs.org/core-util-is/-/core-util-is-1.0.2.tgz"
                },
                "isarray": {
                  "version": "0.0.1",
                  "from": "isarray@0.0.1",
                  "resolved": "https://registry.npmjs.org/isarray/-/isarray-0.0.1.tgz"
                },
                "string_decoder": {
                  "version": "0.10.31",
                  "from": "string_decoder@>=0.10.0 <0.11.0",
                  "resolved": "https://registry.npmjs.org/string_decoder/-/string_decoder-0.10.31.tgz"
                },
                "inherits": {
                  "version": "2.0.1",
                  "from": "inherits@>=2.0.1 <2.1.0",
                  "resolved": "https://registry.npmjs.org/inherits/-/inherits-2.0.1.tgz"
                }
              }
            },
            "split-ca": {
              "version": "1.0.0",
              "from": "split-ca@>=1.0.0 <2.0.0",
              "resolved": "https://registry.npmjs.org/split-ca/-/split-ca-1.0.0.tgz"
            }
          }
        }
      }
    }
  }
}
